
Microsoft Visual Studio Solution File, Format Version 12.00
# Visual Studio 15
VisualStudioVersion = 15.0.28307.421
MinimumVisualStudioVersion = 10.0.40219.1
Project("{2150E333-8FDC-42A3-9474-1A3956D46DE8}") = "1-SOLID-S", "1-SOLID-S", "{77517EC1-A7BE-4A01-B9F3-BA6393E5BA47}"
EndProject
Project("{2150E333-8FDC-42A3-9474-1A3956D46DE8}") = "2-SOLID-O", "2-SOLID-O", "{B06C2DB2-EB60-4D36-9233-05BA0A1BAEBD}"
EndProject
Project("{2150E333-8FDC-42A3-9474-1A3956D46DE8}") = "3-SOLID-L", "3-SOLID-L", "{14102D5F-B0BE-4514-8898-F2BEFAFACF16}"
EndProject
Project("{2150E333-8FDC-42A3-9474-1A3956D46DE8}") = "4-SOLID-I", "4-SOLID-I", "{873954B9-73A9-4870-83FB-C27CB7714B4F}"
EndProject
Project("{2150E333-8FDC-42A3-9474-1A3956D46DE8}") = "5-SOLID-D", "5-SOLID-D", "{17A67CF0-B2D7-48A7-9A70-5ABE87EAA8B3}"
EndProject
Project("{FAE04EC0-301F-11D3-BF4B-00C04F79EFBC}") = "srp1", "srp1\srp1.csproj", "{84FED70F-69D2-426A-917E-DA5EC74B16DD}"
EndProject
Project("{FAE04EC0-301F-11D3-BF4B-00C04F79EFBC}") = "srp2", "srp2\srp2.csproj", "{86954BE0-639C-4BD3-A2E7-335988A3E257}"
EndProject
Project("{FAE04EC0-301F-11D3-BF4B-00C04F79EFBC}") = "ocp1", "ocp1\ocp1.csproj", "{BF5195BB-2A08-497F-B96E-545A4B638378}"
EndProject
Project("{FAE04EC0-301F-11D3-BF4B-00C04F79EFBC}") = "ocp2", "ocp2\ocp2.csproj", "{0C2690FA-D2E9-4C83-9B05-CAE4C154B86A}"
EndProject
Project("{FAE04EC0-301F-11D3-BF4B-00C04F79EFBC}") = "lsp1", "lsp1\lsp1.csproj", "{45BFD84B-D43A-4C64-80D4-6BB36510748A}"
EndProject
Project("{FAE04EC0-301F-11D3-BF4B-00C04F79EFBC}") = "lsp2", "lsp2\lsp2.csproj", "{E1B7CAA0-F0C9-4D1E-8B2C-1B5C30857FA5}"
EndProject
Project("{FAE04EC0-301F-11D3-BF4B-00C04F79EFBC}") = "isp1", "isp1\isp1.csproj", "{AB3B9118-C663-4368-9F86-C9FBF556CF3C}"
EndProject
Project("{FAE04EC0-301F-11D3-BF4B-00C04F79EFBC}") = "isp2", "isp2\isp2.csproj", "{73A7794D-60DC-4797-8BD4-3605FED942FC}"
EndProject
Project("{FAE04EC0-301F-11D3-BF4B-00C04F79EFBC}") = "di1", "di1\di1.csproj", "{E7BBC45B-6C90-4A04-AAB7-F10A8E102198}"
EndProject
Project("{FAE04EC0-301F-11D3-BF4B-00C04F79EFBC}") = "di2", "di2\di2.csproj", "{23E55A4D-B376-4996-9644-9C4204CFD7E0}"
EndProject
Global
	GlobalSection(SolutionConfigurationPlatforms) = preSolution
		Debug|Any CPU = Debug|Any CPU
		Release|Any CPU = Release|Any CPU
	EndGlobalSection
	GlobalSection(ProjectConfigurationPlatforms) = postSolution
		{84FED70F-69D2-426A-917E-DA5EC74B16DD}.Debug|Any CPU.ActiveCfg = Debug|Any CPU
		{84FED70F-69D2-426A-917E-DA5EC74B16DD}.Debug|Any CPU.Build.0 = Debug|Any CPU
		{84FED70F-69D2-426A-917E-DA5EC74B16DD}.Release|Any CPU.ActiveCfg = Release|Any CPU
		{84FED70F-69D2-426A-917E-DA5EC74B16DD}.Release|Any CPU.Build.0 = Release|Any CPU
		{86954BE0-639C-4BD3-A2E7-335988A3E257}.Debug|Any CPU.ActiveCfg = Debug|Any CPU
		{86954BE0-639C-4BD3-A2E7-335988A3E257}.Debug|Any CPU.Build.0 = Debug|Any CPU
		{86954BE0-639C-4BD3-A2E7-335988A3E257}.Release|Any CPU.ActiveCfg = Release|Any CPU
		{86954BE0-639C-4BD3-A2E7-335988A3E257}.Release|Any CPU.Build.0 = Release|Any CPU
		{BF5195BB-2A08-497F-B96E-545A4B638378}.Debug|Any CPU.ActiveCfg = Debug|Any CPU
		{BF5195BB-2A08-497F-B96E-545A4B638378}.Debug|Any CPU.Build.0 = Debug|Any CPU
		{BF5195BB-2A08-497F-B96E-545A4B638378}.Release|Any CPU.ActiveCfg = Release|Any CPU
		{BF5195BB-2A08-497F-B96E-545A4B638378}.Release|Any CPU.Build.0 = Release|Any CPU
		{0C2690FA-D2E9-4C83-9B05-CAE4C154B86A}.Debug|Any CPU.ActiveCfg = Debug|Any CPU
		{0C2690FA-D2E9-4C83-9B05-CAE4C154B86A}.Debug|Any CPU.Build.0 = Debug|Any CPU
		{0C2690FA-D2E9-4C83-9B05-CAE4C154B86A}.Release|Any CPU.ActiveCfg = Release|Any CPU
		{0C2690FA-D2E9-4C83-9B05-CAE4C154B86A}.Release|Any CPU.Build.0 = Release|Any CPU
		{45BFD84B-D43A-4C64-80D4-6BB36510748A}.Debug|Any CPU.ActiveCfg = Debug|Any CPU
		{45BFD84B-D43A-4C64-80D4-6BB36510748A}.Debug|Any CPU.Build.0 = Debug|Any CPU
		{45BFD84B-D43A-4C64-80D4-6BB36510748A}.Release|Any CPU.ActiveCfg = Release|Any CPU
		{45BFD84B-D43A-4C64-80D4-6BB36510748A}.Release|Any CPU.Build.0 = Release|Any CPU
		{E1B7CAA0-F0C9-4D1E-8B2C-1B5C30857FA5}.Debug|Any CPU.ActiveCfg = Debug|Any CPU
		{E1B7CAA0-F0C9-4D1E-8B2C-1B5C30857FA5}.Debug|Any CPU.Build.0 = Debug|Any CPU
		{E1B7CAA0-F0C9-4D1E-8B2C-1B5C30857FA5}.Release|Any CPU.ActiveCfg = Release|Any CPU
		{E1B7CAA0-F0C9-4D1E-8B2C-1B5C30857FA5}.Release|Any CPU.Build.0 = Release|Any CPU
		{AB3B9118-C663-4368-9F86-C9FBF556CF3C}.Debug|Any CPU.ActiveCfg = Debug|Any CPU
		{AB3B9118-C663-4368-9F86-C9FBF556CF3C}.Debug|Any CPU.Build.0 = Debug|Any CPU
		{AB3B9118-C663-4368-9F86-C9FBF556CF3C}.Release|Any CPU.ActiveCfg = Release|Any CPU
		{AB3B9118-C663-4368-9F86-C9FBF556CF3C}.Release|Any CPU.Build.0 = Release|Any CPU
		{73A7794D-60DC-4797-8BD4-3605FED942FC}.Debug|Any CPU.ActiveCfg = Debug|Any CPU
		{73A7794D-60DC-4797-8BD4-3605FED942FC}.Debug|Any CPU.Build.0 = Debug|Any CPU
		{73A7794D-60DC-4797-8BD4-3605FED942FC}.Release|Any CPU.ActiveCfg = Release|Any CPU
		{73A7794D-60DC-4797-8BD4-3605FED942FC}.Release|Any CPU.Build.0 = Release|Any CPU
		{E7BBC45B-6C90-4A04-AAB7-F10A8E102198}.Debug|Any CPU.ActiveCfg = Debug|Any CPU
		{E7BBC45B-6C90-4A04-AAB7-F10A8E102198}.Debug|Any CPU.Build.0 = Debug|Any CPU
		{E7BBC45B-6C90-4A04-AAB7-F10A8E102198}.Release|Any CPU.ActiveCfg = Release|Any CPU
		{E7BBC45B-6C90-4A04-AAB7-F10A8E102198}.Release|Any CPU.Build.0 = Release|Any CPU
		{23E55A4D-B376-4996-9644-9C4204CFD7E0}.Debug|Any CPU.ActiveCfg = Debug|Any CPU
		{23E55A4D-B376-4996-9644-9C4204CFD7E0}.Debug|Any CPU.Build.0 = Debug|Any CPU
		{23E55A4D-B376-4996-9644-9C4204CFD7E0}.Release|Any CPU.ActiveCfg = Release|Any CPU
		{23E55A4D-B376-4996-9644-9C4204CFD7E0}.Release|Any CPU.Build.0 = Release|Any CPU
	EndGlobalSection
	GlobalSection(SolutionProperties) = preSolution
		HideSolutionNode = FALSE
	EndGlobalSection
	GlobalSection(NestedProjects) = preSolution
		{84FED70F-69D2-426A-917E-DA5EC74B16DD} = {77517EC1-A7BE-4A01-B9F3-BA6393E5BA47}
		{86954BE0-639C-4BD3-A2E7-335988A3E257} = {77517EC1-A7BE-4A01-B9F3-BA6393E5BA47}
		{BF5195BB-2A08-497F-B96E-545A4B638378} = {B06C2DB2-EB60-4D36-9233-05BA0A1BAEBD}
		{0C2690FA-D2E9-4C83-9B05-CAE4C154B86A} = {B06C2DB2-EB60-4D36-9233-05BA0A1BAEBD}
		{45BFD84B-D43A-4C64-80D4-6BB36510748A} = {14102D5F-B0BE-4514-8898-F2BEFAFACF16}
		{E1B7CAA0-F0C9-4D1E-8B2C-1B5C30857FA5} = {14102D5F-B0BE-4514-8898-F2BEFAFACF16}
		{AB3B9118-C663-4368-9F86-C9FBF556CF3C} = {873954B9-73A9-4870-83FB-C27CB7714B4F}
		{73A7794D-60DC-4797-8BD4-3605FED942FC} = {873954B9-73A9-4870-83FB-C27CB7714B4F}
		{E7BBC45B-6C90-4A04-AAB7-F10A8E102198} = {17A67CF0-B2D7-48A7-9A70-5ABE87EAA8B3}
		{23E55A4D-B376-4996-9644-9C4204CFD7E0} = {17A67CF0-B2D7-48A7-9A70-5ABE87EAA8B3}
	EndGlobalSection
	GlobalSection(ExtensibilityGlobals) = postSolution
		SolutionGuid = {D129EA6F-D6DA-4B68-8E20-C9FD08200A79}
	EndGlobalSection
EndGlobal
